
Microsoft Visual Studio Solution File, Format Version 12.00
# Visual Studio Version 16
VisualStudioVersion = 16.0.30002.166
MinimumVisualStudioVersion = 10.0.40219.1
Project("{FAE04EC0-301F-11D3-BF4B-00C04F79EFBC}") = "Alpaca_DotNetStandard", "Alpaca_DotNetStandard\Alpaca_DotNetStandard.csproj", "{5C660394-5699-402D-973D-995BD9939387}"
EndProject
Global
	GlobalSection(SolutionConfigurationPlatforms) = preSolution
		Debug|Any CPU = Debug|Any CPU
		Release|Any CPU = Release|Any CPU
	EndGlobalSection
	GlobalSection(ProjectConfigurationPlatforms) = postSolution
		{5C660394-5699-402D-973D-995BD9939387}.Debug|Any CPU.ActiveCfg = Debug|Any CPU
		{5C660394-5699-402D-973D-995BD9939387}.Debug|Any CPU.Build.0 = Debug|Any CPU
		{5C660394-5699-402D-973D-995BD9939387}.Release|Any CPU.ActiveCfg = Release|Any CPU
		{5C660394-5699-402D-973D-995BD9939387}.Release|Any CPU.Build.0 = Release|Any CPU
	EndGlobalSection
	GlobalSection(SolutionProperties) = preSolution
		HideSolutionNode = FALSE
	EndGlobalSection
	GlobalSection(ExtensibilityGlobals) = postSolution
		SolutionGuid = {CE2EA7B3-00A7-4FBD-91E5-E30FC176CB50}
	EndGlobalSection
EndGlobal
